
Microsoft Visual Studio Solution File, Format Version 12.00
# Visual Studio Version 16
VisualStudioVersion = 16.0.31424.327
MinimumVisualStudioVersion = 10.0.40219.1
Project("{FAE04EC0-301F-11D3-BF4B-00C04F79EFBC}") = "HR_manager.Server", "HR_manager\Server\HR_manager.Server.csproj", "{D78469EE-E547-4692-A9F3-C2EA9C613019}"
EndProject
Project("{FAE04EC0-301F-11D3-BF4B-00C04F79EFBC}") = "HR_manager.Client", "HR_manager\Client\HR_manager.Client.csproj", "{7C8F386B-0F22-4035-86A4-C6287D5B9816}"
EndProject
Project("{FAE04EC0-301F-11D3-BF4B-00C04F79EFBC}") = "HR_manager.Shared", "HR_manager\Shared\HR_manager.Shared.csproj", "{B11343EF-3534-401C-8805-837673FADA92}"
EndProject
Global
	GlobalSection(SolutionConfigurationPlatforms) = preSolution
		Debug|Any CPU = Debug|Any CPU
		Release|Any CPU = Release|Any CPU
	EndGlobalSection
	GlobalSection(ProjectConfigurationPlatforms) = postSolution
		{D78469EE-E547-4692-A9F3-C2EA9C613019}.Debug|Any CPU.ActiveCfg = Debug|Any CPU
		{D78469EE-E547-4692-A9F3-C2EA9C613019}.Debug|Any CPU.Build.0 = Debug|Any CPU
		{D78469EE-E547-4692-A9F3-C2EA9C613019}.Release|Any CPU.ActiveCfg = Release|Any CPU
		{D78469EE-E547-4692-A9F3-C2EA9C613019}.Release|Any CPU.Build.0 = Release|Any CPU
		{7C8F386B-0F22-4035-86A4-C6287D5B9816}.Debug|Any CPU.ActiveCfg = Debug|Any CPU
		{7C8F386B-0F22-4035-86A4-C6287D5B9816}.Debug|Any CPU.Build.0 = Debug|Any CPU
		{7C8F386B-0F22-4035-86A4-C6287D5B9816}.Release|Any CPU.ActiveCfg = Release|Any CPU
		{7C8F386B-0F22-4035-86A4-C6287D5B9816}.Release|Any CPU.Build.0 = Release|Any CPU
		{B11343EF-3534-401C-8805-837673FADA92}.Debug|Any CPU.ActiveCfg = Debug|Any CPU
		{B11343EF-3534-401C-8805-837673FADA92}.Debug|Any CPU.Build.0 = Debug|Any CPU
		{B11343EF-3534-401C-8805-837673FADA92}.Release|Any CPU.ActiveCfg = Release|Any CPU
		{B11343EF-3534-401C-8805-837673FADA92}.Release|Any CPU.Build.0 = Release|Any CPU
	EndGlobalSection
	GlobalSection(SolutionProperties) = preSolution
		HideSolutionNode = FALSE
	EndGlobalSection
	GlobalSection(ExtensibilityGlobals) = postSolution
		SolutionGuid = {336BCD5A-7900-4F1B-A934-F277259BCDD1}
	EndGlobalSection
EndGlobal
